
Microsoft Visual Studio Solution File, Format Version 12.00
# Visual Studio Version 17
VisualStudioVersion = 17.11.35303.130
MinimumVisualStudioVersion = 10.0.40219.1
Project("{9A19103F-16F7-4668-BE54-9A1E7A4F7556}") = "SimpleCalculatorAPI", "SimpleCalculatorAPI\SimpleCalculatorAPI.csproj", "{25310C83-AD3B-42E3-BB72-00D8A0448206}"
EndProject
Global
	GlobalSection(SolutionConfigurationPlatforms) = preSolution
		Debug|Any CPU = Debug|Any CPU
		Release|Any CPU = Release|Any CPU
	EndGlobalSection
	GlobalSection(ProjectConfigurationPlatforms) = postSolution
		{25310C83-AD3B-42E3-BB72-00D8A0448206}.Debug|Any CPU.ActiveCfg = Debug|Any CPU
		{25310C83-AD3B-42E3-BB72-00D8A0448206}.Debug|Any CPU.Build.0 = Debug|Any CPU
		{25310C83-AD3B-42E3-BB72-00D8A0448206}.Release|Any CPU.ActiveCfg = Release|Any CPU
		{25310C83-AD3B-42E3-BB72-00D8A0448206}.Release|Any CPU.Build.0 = Release|Any CPU
	EndGlobalSection
	GlobalSection(SolutionProperties) = preSolution
		HideSolutionNode = FALSE
	EndGlobalSection
	GlobalSection(ExtensibilityGlobals) = postSolution
		SolutionGuid = {327AD08A-BCB2-4289-9E56-D665095B05D5}
	EndGlobalSection
EndGlobal
